
Microsoft Visual Studio Solution File, Format Version 12.00
# Visual Studio 15
VisualStudioVersion = 15.0.28307.1169
MinimumVisualStudioVersion = 10.0.40219.1
Project("{FAE04EC0-301F-11D3-BF4B-00C04F79EFBC}") = "YoutifyLib", "YoutifyLib\YoutifyLib.csproj", "{C1306622-506B-48BE-A92F-CAD2A1DFDECD}"
EndProject
Project("{FAE04EC0-301F-11D3-BF4B-00C04F79EFBC}") = "YoutifyConsole", "YoutifyConsole\YoutifyConsole.csproj", "{55B092AD-B95C-4672-B002-9C1723E7CB1F}"
EndProject
Global
	GlobalSection(SolutionConfigurationPlatforms) = preSolution
		Debug|Any CPU = Debug|Any CPU
		Release|Any CPU = Release|Any CPU
	EndGlobalSection
	GlobalSection(ProjectConfigurationPlatforms) = postSolution
		{C1306622-506B-48BE-A92F-CAD2A1DFDECD}.Debug|Any CPU.ActiveCfg = Debug|Any CPU
		{C1306622-506B-48BE-A92F-CAD2A1DFDECD}.Debug|Any CPU.Build.0 = Debug|Any CPU
		{C1306622-506B-48BE-A92F-CAD2A1DFDECD}.Release|Any CPU.ActiveCfg = Release|Any CPU
		{C1306622-506B-48BE-A92F-CAD2A1DFDECD}.Release|Any CPU.Build.0 = Release|Any CPU
		{55B092AD-B95C-4672-B002-9C1723E7CB1F}.Debug|Any CPU.ActiveCfg = Debug|Any CPU
		{55B092AD-B95C-4672-B002-9C1723E7CB1F}.Debug|Any CPU.Build.0 = Debug|Any CPU
		{55B092AD-B95C-4672-B002-9C1723E7CB1F}.Release|Any CPU.ActiveCfg = Release|Any CPU
		{55B092AD-B95C-4672-B002-9C1723E7CB1F}.Release|Any CPU.Build.0 = Release|Any CPU
	EndGlobalSection
	GlobalSection(SolutionProperties) = preSolution
		HideSolutionNode = FALSE
	EndGlobalSection
	GlobalSection(ExtensibilityGlobals) = postSolution
		SolutionGuid = {B1F2760C-CAC4-4AA5-890B-E4FBDE27CAB0}
	EndGlobalSection
EndGlobal
